// !$*UTF8*$!
{
	archiveVersion = 1;
	classes = {
	};
	objectVersion = 46;
	objects = {

/* Begin PBXBuildFile section */
		113738E91ECB338900D18981 /* AppDelegate.swift in Sources */ = {isa = PBXBuildFile; fileRef = 113738E81ECB338900D18981 /* AppDelegate.swift */; };
		113738EE1ECB338900D18981 /* Main.storyboard in Resources */ = {isa = PBXBuildFile; fileRef = 113738EC1ECB338900D18981 /* Main.storyboard */; };
		113738F01ECB338900D18981 /* Assets.xcassets in Resources */ = {isa = PBXBuildFile; fileRef = 113738EF1ECB338900D18981 /* Assets.xcassets */; };
		113738F31ECB338900D18981 /* LaunchScreen.storyboard in Resources */ = {isa = PBXBuildFile; fileRef = 113738F11ECB338900D18981 /* LaunchScreen.storyboard */; };
		113738FE1ECB338900D18981 /* Autobase24Tests.swift in Sources */ = {isa = PBXBuildFile; fileRef = 113738FD1ECB338900D18981 /* Autobase24Tests.swift */; };
		113739091ECB338900D18981 /* Autobase24UITests.swift in Sources */ = {isa = PBXBuildFile; fileRef = 113739081ECB338900D18981 /* Autobase24UITests.swift */; };
		1137391B1ECB385C00D18981 /* CarsViewController.swift in Sources */ = {isa = PBXBuildFile; fileRef = 1137391A1ECB385C00D18981 /* CarsViewController.swift */; };
		1137391C1ECB385C00D18981 /* CarsViewController.swift in Sources */ = {isa = PBXBuildFile; fileRef = 1137391A1ECB385C00D18981 /* CarsViewController.swift */; };
		1137391E1ECB387000D18981 /* FavoritesViewController.swift in Sources */ = {isa = PBXBuildFile; fileRef = 1137391D1ECB387000D18981 /* FavoritesViewController.swift */; };
		1137391F1ECB387000D18981 /* FavoritesViewController.swift in Sources */ = {isa = PBXBuildFile; fileRef = 1137391D1ECB387000D18981 /* FavoritesViewController.swift */; };
		113739211ECB3A5A00D18981 /* APIManager.swift in Sources */ = {isa = PBXBuildFile; fileRef = 113739201ECB3A5A00D18981 /* APIManager.swift */; };
		113739221ECB3A5A00D18981 /* APIManager.swift in Sources */ = {isa = PBXBuildFile; fileRef = 113739201ECB3A5A00D18981 /* APIManager.swift */; };
		113739251ECB3F6000D18981 /* Autobase24Model.xcdatamodeld in Sources */ = {isa = PBXBuildFile; fileRef = 113739231ECB3F6000D18981 /* Autobase24Model.xcdatamodeld */; };
		113739261ECB3F6000D18981 /* Autobase24Model.xcdatamodeld in Sources */ = {isa = PBXBuildFile; fileRef = 113739231ECB3F6000D18981 /* Autobase24Model.xcdatamodeld */; };
		113739271ECB3F6000D18981 /* Autobase24Model.xcdatamodeld in Sources */ = {isa = PBXBuildFile; fileRef = 113739231ECB3F6000D18981 /* Autobase24Model.xcdatamodeld */; };
		113739291ECB40DC00D18981 /* NetworkingManager.swift in Sources */ = {isa = PBXBuildFile; fileRef = 113739281ECB40DC00D18981 /* NetworkingManager.swift */; };
		1137392A1ECB40DC00D18981 /* NetworkingManager.swift in Sources */ = {isa = PBXBuildFile; fileRef = 113739281ECB40DC00D18981 /* NetworkingManager.swift */; };
		1137392B1ECB40DC00D18981 /* NetworkingManager.swift in Sources */ = {isa = PBXBuildFile; fileRef = 113739281ECB40DC00D18981 /* NetworkingManager.swift */; };
		1137392C1ECB40EB00D18981 /* APIManager.swift in Sources */ = {isa = PBXBuildFile; fileRef = 113739201ECB3A5A00D18981 /* APIManager.swift */; };
		1137392F1ECB4D8100D18981 /* Vehicle+CoreDataClass.swift in Sources */ = {isa = PBXBuildFile; fileRef = 1137392D1ECB4D8100D18981 /* Vehicle+CoreDataClass.swift */; };
		113739301ECB4D8100D18981 /* Vehicle+CoreDataClass.swift in Sources */ = {isa = PBXBuildFile; fileRef = 1137392D1ECB4D8100D18981 /* Vehicle+CoreDataClass.swift */; };
		113739311ECB4D8100D18981 /* Vehicle+CoreDataClass.swift in Sources */ = {isa = PBXBuildFile; fileRef = 1137392D1ECB4D8100D18981 /* Vehicle+CoreDataClass.swift */; };
		113739321ECB4D8100D18981 /* Vehicle+CoreDataProperties.swift in Sources */ = {isa = PBXBuildFile; fileRef = 1137392E1ECB4D8100D18981 /* Vehicle+CoreDataProperties.swift */; };
		113739331ECB4D8100D18981 /* Vehicle+CoreDataProperties.swift in Sources */ = {isa = PBXBuildFile; fileRef = 1137392E1ECB4D8100D18981 /* Vehicle+CoreDataProperties.swift */; };
		113739341ECB4D8100D18981 /* Vehicle+CoreDataProperties.swift in Sources */ = {isa = PBXBuildFile; fileRef = 1137392E1ECB4D8100D18981 /* Vehicle+CoreDataProperties.swift */; };
		113739371ECB58E800D18981 /* CarSummaryTableViewCell.swift in Sources */ = {isa = PBXBuildFile; fileRef = 113739351ECB58E800D18981 /* CarSummaryTableViewCell.swift */; };
		113739381ECB58E800D18981 /* CarSummaryTableViewCell.swift in Sources */ = {isa = PBXBuildFile; fileRef = 113739351ECB58E800D18981 /* CarSummaryTableViewCell.swift */; };
		113739391ECB58E800D18981 /* CarSummaryTableViewCell.xib in Resources */ = {isa = PBXBuildFile; fileRef = 113739361ECB58E800D18981 /* CarSummaryTableViewCell.xib */; };
		1137393A1ECB58E800D18981 /* CarSummaryTableViewCell.xib in Resources */ = {isa = PBXBuildFile; fileRef = 113739361ECB58E800D18981 /* CarSummaryTableViewCell.xib */; };
		16477BB8214A8B11B2F1972A /* Pods_Autobase24.framework in Frameworks */ = {isa = PBXBuildFile; fileRef = C25FAD77715F0B63263F52D7 /* Pods_Autobase24.framework */; };
		C39D90F49973C4F5E784DC20 /* Pods_Autobase24Tests.framework in Frameworks */ = {isa = PBXBuildFile; fileRef = 77A2E96735A604BBEB680C02 /* Pods_Autobase24Tests.framework */; };
		EC1E7F0462461DDB54A6BB1D /* Pods_Autobase24UITests.framework in Frameworks */ = {isa = PBXBuildFile; fileRef = 682DFE685735554706EB166B /* Pods_Autobase24UITests.framework */; };
/* End PBXBuildFile section */

/* Begin PBXContainerItemProxy section */
		113738FA1ECB338900D18981 /* PBXContainerItemProxy */ = {
			isa = PBXContainerItemProxy;
			containerPortal = 113738DD1ECB338900D18981 /* Project object */;
			proxyType = 1;
			remoteGlobalIDString = 113738E41ECB338900D18981;
			remoteInfo = Autobase24;
		};
		113739051ECB338900D18981 /* PBXContainerItemProxy */ = {
			isa = PBXContainerItemProxy;
			containerPortal = 113738DD1ECB338900D18981 /* Project object */;
			proxyType = 1;
			remoteGlobalIDString = 113738E41ECB338900D18981;
			remoteInfo = Autobase24;
		};
/* End PBXContainerItemProxy section */

/* Begin PBXFileReference section */
		111E81951ECC256F0070043A /* Autobase24Model 18-05- 2017.xcdatamodel */ = {isa = PBXFileReference; lastKnownFileType = wrapper.xcdatamodel; path = "Autobase24Model 18-05- 2017.xcdatamodel"; sourceTree = "<group>"; };
		113738E51ECB338900D18981 /* Autobase24.app */ = {isa = PBXFileReference; explicitFileType = wrapper.application; includeInIndex = 0; path = Autobase24.app; sourceTree = BUILT_PRODUCTS_DIR; };
		113738E81ECB338900D18981 /* AppDelegate.swift */ = {isa = PBXFileReference; lastKnownFileType = sourcecode.swift; path = AppDelegate.swift; sourceTree = "<group>"; };
		113738ED1ECB338900D18981 /* Base */ = {isa = PBXFileReference; lastKnownFileType = file.storyboard; name = Base; path = Base.lproj/Main.storyboard; sourceTree = "<group>"; };
		113738EF1ECB338900D18981 /* Assets.xcassets */ = {isa = PBXFileReference; lastKnownFileType = folder.assetcatalog; path = Assets.xcassets; sourceTree = "<group>"; };
		113738F21ECB338900D18981 /* Base */ = {isa = PBXFileReference; lastKnownFileType = file.storyboard; name = Base; path = Base.lproj/LaunchScreen.storyboard; sourceTree = "<group>"; };
		113738F41ECB338900D18981 /* Info.plist */ = {isa = PBXFileReference; lastKnownFileType = text.plist.xml; path = Info.plist; sourceTree = "<group>"; };
		113738F91ECB338900D18981 /* Autobase24Tests.xctest */ = {isa = PBXFileReference; explicitFileType = wrapper.cfbundle; includeInIndex = 0; path = Autobase24Tests.xctest; sourceTree = BUILT_PRODUCTS_DIR; };
		113738FD1ECB338900D18981 /* Autobase24Tests.swift */ = {isa = PBXFileReference; lastKnownFileType = sourcecode.swift; path = Autobase24Tests.swift; sourceTree = "<group>"; };
		113738FF1ECB338900D18981 /* Info.plist */ = {isa = PBXFileReference; lastKnownFileType = text.plist.xml; path = Info.plist; sourceTree = "<group>"; };
		113739041ECB338900D18981 /* Autobase24UITests.xctest */ = {isa = PBXFileReference; explicitFileType = wrapper.cfbundle; includeInIndex = 0; path = Autobase24UITests.xctest; sourceTree = BUILT_PRODUCTS_DIR; };
		113739081ECB338900D18981 /* Autobase24UITests.swift */ = {isa = PBXFileReference; lastKnownFileType = sourcecode.swift; path = Autobase24UITests.swift; sourceTree = "<group>"; };
		1137390A1ECB338900D18981 /* Info.plist */ = {isa = PBXFileReference; lastKnownFileType = text.plist.xml; path = Info.plist; sourceTree = "<group>"; };
		1137391A1ECB385C00D18981 /* CarsViewController.swift */ = {isa = PBXFileReference; fileEncoding = 4; lastKnownFileType = sourcecode.swift; path = CarsViewController.swift; sourceTree = "<group>"; };
		1137391D1ECB387000D18981 /* FavoritesViewController.swift */ = {isa = PBXFileReference; fileEncoding = 4; lastKnownFileType = sourcecode.swift; path = FavoritesViewController.swift; sourceTree = "<group>"; };
		113739201ECB3A5A00D18981 /* APIManager.swift */ = {isa = PBXFileReference; fileEncoding = 4; lastKnownFileType = sourcecode.swift; path = APIManager.swift; sourceTree = "<group>"; };
		113739241ECB3F6000D18981 /* Autobase24Model.xcdatamodel */ = {isa = PBXFileReference; lastKnownFileType = wrapper.xcdatamodel; path = Autobase24Model.xcdatamodel; sourceTree = "<group>"; };
		113739281ECB40DC00D18981 /* NetworkingManager.swift */ = {isa = PBXFileReference; fileEncoding = 4; lastKnownFileType = sourcecode.swift; path = NetworkingManager.swift; sourceTree = "<group>"; };
		1137392D1ECB4D8100D18981 /* Vehicle+CoreDataClass.swift */ = {isa = PBXFileReference; fileEncoding = 4; lastKnownFileType = sourcecode.swift; path = "Vehicle+CoreDataClass.swift"; sourceTree = "<group>"; };
		1137392E1ECB4D8100D18981 /* Vehicle+CoreDataProperties.swift */ = {isa = PBXFileReference; fileEncoding = 4; lastKnownFileType = sourcecode.swift; path = "Vehicle+CoreDataProperties.swift"; sourceTree = "<group>"; };
		113739351ECB58E800D18981 /* CarSummaryTableViewCell.swift */ = {isa = PBXFileReference; fileEncoding = 4; lastKnownFileType = sourcecode.swift; path = CarSummaryTableViewCell.swift; sourceTree = "<group>"; };
		113739361ECB58E800D18981 /* CarSummaryTableViewCell.xib */ = {isa = PBXFileReference; fileEncoding = 4; lastKnownFileType = file.xib; path = CarSummaryTableViewCell.xib; sourceTree = "<group>"; };
		1137393B1ECB6EC900D18981 /* Autobase24Model 17-05-2017.xcdatamodel */ = {isa = PBXFileReference; lastKnownFileType = wrapper.xcdatamodel; path = "Autobase24Model 17-05-2017.xcdatamodel"; sourceTree = "<group>"; };
		682DFE685735554706EB166B /* Pods_Autobase24UITests.framework */ = {isa = PBXFileReference; explicitFileType = wrapper.framework; includeInIndex = 0; path = Pods_Autobase24UITests.framework; sourceTree = BUILT_PRODUCTS_DIR; };
		77A2E96735A604BBEB680C02 /* Pods_Autobase24Tests.framework */ = {isa = PBXFileReference; explicitFileType = wrapper.framework; includeInIndex = 0; path = Pods_Autobase24Tests.framework; sourceTree = BUILT_PRODUCTS_DIR; };
		94391D29487340560052DCB3 /* Pods-Autobase24UITests.release.xcconfig */ = {isa = PBXFileReference; includeInIndex = 1; lastKnownFileType = text.xcconfig; name = "Pods-Autobase24UITests.release.xcconfig"; path = "Pods/Target Support Files/Pods-Autobase24UITests/Pods-Autobase24UITests.release.xcconfig"; sourceTree = "<group>"; };
		B64FBCA262D872A019B96F9E /* Pods-Autobase24UITests.debug.xcconfig */ = {isa = PBXFileReference; includeInIndex = 1; lastKnownFileType = text.xcconfig; name = "Pods-Autobase24UITests.debug.xcconfig"; path = "Pods/Target Support Files/Pods-Autobase24UITests/Pods-Autobase24UITests.debug.xcconfig"; sourceTree = "<group>"; };
		C25FAD77715F0B63263F52D7 /* Pods_Autobase24.framework */ = {isa = PBXFileReference; explicitFileType = wrapper.framework; includeInIndex = 0; path = Pods_Autobase24.framework; sourceTree = BUILT_PRODUCTS_DIR; };
		C8500B2662443B1BB5948DAA /* Pods-Autobase24Tests.release.xcconfig */ = {isa = PBXFileReference; includeInIndex = 1; lastKnownFileType = text.xcconfig; name = "Pods-Autobase24Tests.release.xcconfig"; path = "Pods/Target Support Files/Pods-Autobase24Tests/Pods-Autobase24Tests.release.xcconfig"; sourceTree = "<group>"; };
		D8B6A20947C56A4EB905ABB5 /* Pods-Autobase24.release.xcconfig */ = {isa = PBXFileReference; includeInIndex = 1; lastKnownFileType = text.xcconfig; name = "Pods-Autobase24.release.xcconfig"; path = "Pods/Target Support Files/Pods-Autobase24/Pods-Autobase24.release.xcconfig"; sourceTree = "<group>"; };
		E145A0F075789B631C47144F /* Pods-Autobase24.debug.xcconfig */ = {isa = PBXFileReference; includeInIndex = 1; lastKnownFileType = text.xcconfig; name = "Pods-Autobase24.debug.xcconfig"; path = "Pods/Target Support Files/Pods-Autobase24/Pods-Autobase24.debug.xcconfig"; sourceTree = "<group>"; };
		E4A15C72B67FF06CE7CDBED0 /* Pods-Autobase24Tests.debug.xcconfig */ = {isa = PBXFileReference; includeInIndex = 1; lastKnownFileType = text.xcconfig; name = "Pods-Autobase24Tests.debug.xcconfig"; path = "Pods/Target Support Files/Pods-Autobase24Tests/Pods-Autobase24Tests.debug.xcconfig"; sourceTree = "<group>"; };
/* End PBXFileReference section */

/* Begin PBXFrameworksBuildPhase section */
		113738E21ECB338900D18981 /* Frameworks */ = {
			isa = PBXFrameworksBuildPhase;
			buildActionMask = 2147483647;
			files = (
				16477BB8214A8B11B2F1972A /* Pods_Autobase24.framework in Frameworks */,
			);
			runOnlyForDeploymentPostprocessing = 0;
		};
		113738F61ECB338900D18981 /* Frameworks */ = {
			isa = PBXFrameworksBuildPhase;
			buildActionMask = 2147483647;
			files = (
				C39D90F49973C4F5E784DC20 /* Pods_Autobase24Tests.framework in Frameworks */,
			);
			runOnlyForDeploymentPostprocessing = 0;
		};
		113739011ECB338900D18981 /* Frameworks */ = {
			isa = PBXFrameworksBuildPhase;
			buildActionMask = 2147483647;
			files = (
				EC1E7F0462461DDB54A6BB1D /* Pods_Autobase24UITests.framework in Frameworks */,
			);
			runOnlyForDeploymentPostprocessing = 0;
		};
/* End PBXFrameworksBuildPhase section */

/* Begin PBXGroup section */
		113738DC1ECB338900D18981 = {
			isa = PBXGroup;
			children = (
				113738E71ECB338900D18981 /* Autobase24 */,
				113738FC1ECB338900D18981 /* Autobase24Tests */,
				113739071ECB338900D18981 /* Autobase24UITests */,
				113738E61ECB338900D18981 /* Products */,
				E243A0BA8DA8A6B40631CC83 /* Pods */,
				58E92B07FAD679A275BBF139 /* Frameworks */,
			);
			sourceTree = "<group>";
		};
		113738E61ECB338900D18981 /* Products */ = {
			isa = PBXGroup;
			children = (
				113738E51ECB338900D18981 /* Autobase24.app */,
				113738F91ECB338900D18981 /* Autobase24Tests.xctest */,
				113739041ECB338900D18981 /* Autobase24UITests.xctest */,
			);
			name = Products;
			sourceTree = "<group>";
		};
		113738E71ECB338900D18981 /* Autobase24 */ = {
			isa = PBXGroup;
			children = (
				113739161ECB35EC00D18981 /* Model */,
				113739171ECB35F500D18981 /* Controller */,
				113739181ECB360400D18981 /* View */,
				113739191ECB366500D18981 /* Utilities */,
				113738E81ECB338900D18981 /* AppDelegate.swift */,
				113738EF1ECB338900D18981 /* Assets.xcassets */,
				113738F41ECB338900D18981 /* Info.plist */,
			);
			path = Autobase24;
			sourceTree = "<group>";
		};
		113738FC1ECB338900D18981 /* Autobase24Tests */ = {
			isa = PBXGroup;
			children = (
				113738FD1ECB338900D18981 /* Autobase24Tests.swift */,
				113738FF1ECB338900D18981 /* Info.plist */,
			);
			path = Autobase24Tests;
			sourceTree = "<group>";
		};
		113739071ECB338900D18981 /* Autobase24UITests */ = {
			isa = PBXGroup;
			children = (
				113739081ECB338900D18981 /* Autobase24UITests.swift */,
				1137390A1ECB338900D18981 /* Info.plist */,
			);
			path = Autobase24UITests;
			sourceTree = "<group>";
		};
		113739161ECB35EC00D18981 /* Model */ = {
			isa = PBXGroup;
			children = (
				1137392D1ECB4D8100D18981 /* Vehicle+CoreDataClass.swift */,
				1137392E1ECB4D8100D18981 /* Vehicle+CoreDataProperties.swift */,
				113739231ECB3F6000D18981 /* Autobase24Model.xcdatamodeld */,
			);
			name = Model;
			sourceTree = "<group>";
		};
		113739171ECB35F500D18981 /* Controller */ = {
			isa = PBXGroup;
			children = (
				1137391A1ECB385C00D18981 /* CarsViewController.swift */,
				1137391D1ECB387000D18981 /* FavoritesViewController.swift */,
			);
			name = Controller;
			sourceTree = "<group>";
		};
		113739181ECB360400D18981 /* View */ = {
			isa = PBXGroup;
			children = (
				113738EC1ECB338900D18981 /* Main.storyboard */,
				113738F11ECB338900D18981 /* LaunchScreen.storyboard */,
				113739351ECB58E800D18981 /* CarSummaryTableViewCell.swift */,
				113739361ECB58E800D18981 /* CarSummaryTableViewCell.xib */,
			);
			name = View;
			sourceTree = "<group>";
		};
		113739191ECB366500D18981 /* Utilities */ = {
			isa = PBXGroup;
			children = (
				113739201ECB3A5A00D18981 /* APIManager.swift */,
				113739281ECB40DC00D18981 /* NetworkingManager.swift */,
			);
			name = Utilities;
			sourceTree = "<group>";
		};
		58E92B07FAD679A275BBF139 /* Frameworks */ = {
			isa = PBXGroup;
			children = (
				C25FAD77715F0B63263F52D7 /* Pods_Autobase24.framework */,
				77A2E96735A604BBEB680C02 /* Pods_Autobase24Tests.framework */,
				682DFE685735554706EB166B /* Pods_Autobase24UITests.framework */,
			);
			name = Frameworks;
			sourceTree = "<group>";
		};
		E243A0BA8DA8A6B40631CC83 /* Pods */ = {
			isa = PBXGroup;
			children = (
				E145A0F075789B631C47144F /* Pods-Autobase24.debug.xcconfig */,
				D8B6A20947C56A4EB905ABB5 /* Pods-Autobase24.release.xcconfig */,
				E4A15C72B67FF06CE7CDBED0 /* Pods-Autobase24Tests.debug.xcconfig */,
				C8500B2662443B1BB5948DAA /* Pods-Autobase24Tests.release.xcconfig */,
				B64FBCA262D872A019B96F9E /* Pods-Autobase24UITests.debug.xcconfig */,
				94391D29487340560052DCB3 /* Pods-Autobase24UITests.release.xcconfig */,
			);
			name = Pods;
			sourceTree = "<group>";
		};
/* End PBXGroup section */

/* Begin PBXNativeTarget section */
		113738E41ECB338900D18981 /* Autobase24 */ = {
			isa = PBXNativeTarget;
			buildConfigurationList = 1137390D1ECB338900D18981 /* Build configuration list for PBXNativeTarget "Autobase24" */;
			buildPhases = (
				E106765BBD186F7A7388D119 /* [CP] Check Pods Manifest.lock */,
				113738E11ECB338900D18981 /* Sources */,
				113738E21ECB338900D18981 /* Frameworks */,
				113738E31ECB338900D18981 /* Resources */,
				989A4FCDBECDE5C9A73B88FE /* [CP] Embed Pods Frameworks */,
				D921ACEA5CE8704AE7BA4333 /* [CP] Copy Pods Resources */,
			);
			buildRules = (
			);
			dependencies = (
			);
			name = Autobase24;
			productName = Autobase24;
			productReference = 113738E51ECB338900D18981 /* Autobase24.app */;
			productType = "com.apple.product-type.application";
		};
		113738F81ECB338900D18981 /* Autobase24Tests */ = {
			isa = PBXNativeTarget;
			buildConfigurationList = 113739101ECB338900D18981 /* Build configuration list for PBXNativeTarget "Autobase24Tests" */;
			buildPhases = (
				53A783CFBD1958E7700188DF /* [CP] Check Pods Manifest.lock */,
				113738F51ECB338900D18981 /* Sources */,
				113738F61ECB338900D18981 /* Frameworks */,
				113738F71ECB338900D18981 /* Resources */,
				0F5D0969AB5FBAA0D078B81D /* [CP] Embed Pods Frameworks */,
				387A18E7AF28940387270C3F /* [CP] Copy Pods Resources */,
			);
			buildRules = (
			);
			dependencies = (
				113738FB1ECB338900D18981 /* PBXTargetDependency */,
			);
			name = Autobase24Tests;
			productName = Autobase24Tests;
			productReference = 113738F91ECB338900D18981 /* Autobase24Tests.xctest */;
			productType = "com.apple.product-type.bundle.unit-test";
		};
		113739031ECB338900D18981 /* Autobase24UITests */ = {
			isa = PBXNativeTarget;
			buildConfigurationList = 113739131ECB338900D18981 /* Build configuration list for PBXNativeTarget "Autobase24UITests" */;
			buildPhases = (
				15A9E31C21810831CE051FF3 /* [CP] Check Pods Manifest.lock */,
				113739001ECB338900D18981 /* Sources */,
				113739011ECB338900D18981 /* Frameworks */,
				113739021ECB338900D18981 /* Resources */,
				D3277FE2D97ED186DC4F2F8A /* [CP] Embed Pods Frameworks */,
				C5013004246D2120AAF2AF33 /* [CP] Copy Pods Resources */,
			);
			buildRules = (
			);
			dependencies = (
				113739061ECB338900D18981 /* PBXTargetDependency */,
			);
			name = Autobase24UITests;
			productName = Autobase24UITests;
			productReference = 113739041ECB338900D18981 /* Autobase24UITests.xctest */;
			productType = "com.apple.product-type.bundle.ui-testing";
		};
/* End PBXNativeTarget section */

/* Begin PBXProject section */
		113738DD1ECB338900D18981 /* Project object */ = {
			isa = PBXProject;
			attributes = {
				LastSwiftUpdateCheck = 0830;
				LastUpgradeCheck = 0830;
				ORGANIZATIONNAME = "Jovito Royeca";
				TargetAttributes = {
					113738E41ECB338900D18981 = {
						CreatedOnToolsVersion = 8.3.2;
						ProvisioningStyle = Automatic;
					};
					113738F81ECB338900D18981 = {
						CreatedOnToolsVersion = 8.3.2;
						ProvisioningStyle = Automatic;
						TestTargetID = 113738E41ECB338900D18981;
					};
					113739031ECB338900D18981 = {
						CreatedOnToolsVersion = 8.3.2;
						ProvisioningStyle = Automatic;
						TestTargetID = 113738E41ECB338900D18981;
					};
				};
			};
			buildConfigurationList = 113738E01ECB338900D18981 /* Build configuration list for PBXProject "Autobase24" */;
			compatibilityVersion = "Xcode 3.2";
			developmentRegion = English;
			hasScannedForEncodings = 0;
			knownRegions = (
				en,
				Base,
			);
			mainGroup = 113738DC1ECB338900D18981;
			productRefGroup = 113738E61ECB338900D18981 /* Products */;
			projectDirPath = "";
			projectRoot = "";
			targets = (
				113738E41ECB338900D18981 /* Autobase24 */,
				113738F81ECB338900D18981 /* Autobase24Tests */,
				113739031ECB338900D18981 /* Autobase24UITests */,
			);
		};
/* End PBXProject section */

/* Begin PBXResourcesBuildPhase section */
		113738E31ECB338900D18981 /* Resources */ = {
			isa = PBXResourcesBuildPhase;
			buildActionMask = 2147483647;
			files = (
				113738F31ECB338900D18981 /* LaunchScreen.storyboard in Resources */,
				113738F01ECB338900D18981 /* Assets.xcassets in Resources */,
				113738EE1ECB338900D18981 /* Main.storyboard in Resources */,
				113739391ECB58E800D18981 /* CarSummaryTableViewCell.xib in Resources */,
			);
			runOnlyForDeploymentPostprocessing = 0;
		};
		113738F71ECB338900D18981 /* Resources */ = {
			isa = PBXResourcesBuildPhase;
			buildActionMask = 2147483647;
			files = (
			);
			runOnlyForDeploymentPostprocessing = 0;
		};
		113739021ECB338900D18981 /* Resources */ = {
			isa = PBXResourcesBuildPhase;
			buildActionMask = 2147483647;
			files = (
				1137393A1ECB58E800D18981 /* CarSummaryTableViewCell.xib in Resources */,
			);
			runOnlyForDeploymentPostprocessing = 0;
		};
/* End PBXResourcesBuildPhase section */

/* Begin PBXShellScriptBuildPhase section */
		0F5D0969AB5FBAA0D078B81D /* [CP] Embed Pods Frameworks */ = {
			isa = PBXShellScriptBuildPhase;
			buildActionMask = 2147483647;
			files = (
			);
			inputPaths = (
			);
			name = "[CP] Embed Pods Frameworks";
			outputPaths = (
			);
			runOnlyForDeploymentPostprocessing = 0;
			shellPath = /bin/sh;
			shellScript = "\"${SRCROOT}/Pods/Target Support Files/Pods-Autobase24Tests/Pods-Autobase24Tests-frameworks.sh\"\n";
			showEnvVarsInLog = 0;
		};
		15A9E31C21810831CE051FF3 /* [CP] Check Pods Manifest.lock */ = {
			isa = PBXShellScriptBuildPhase;
			buildActionMask = 2147483647;
			files = (
			);
			inputPaths = (
			);
			name = "[CP] Check Pods Manifest.lock";
			outputPaths = (
			);
			runOnlyForDeploymentPostprocessing = 0;
			shellPath = /bin/sh;
			shellScript = "diff \"${PODS_PODFILE_DIR_PATH}/Podfile.lock\" \"${PODS_ROOT}/Manifest.lock\" > /dev/null\nif [ $? != 0 ] ; then\n    # print error to STDERR\n    echo \"error: The sandbox is not in sync with the Podfile.lock. Run 'pod install' or update your CocoaPods installation.\" >&2\n    exit 1\nfi\n";
			showEnvVarsInLog = 0;
		};
		387A18E7AF28940387270C3F /* [CP] Copy Pods Resources */ = {
			isa = PBXShellScriptBuildPhase;
			buildActionMask = 2147483647;
			files = (
			);
			inputPaths = (
			);
			name = "[CP] Copy Pods Resources";
			outputPaths = (
			);
			runOnlyForDeploymentPostprocessing = 0;
			shellPath = /bin/sh;
			shellScript = "\"${SRCROOT}/Pods/Target Support Files/Pods-Autobase24Tests/Pods-Autobase24Tests-resources.sh\"\n";
			showEnvVarsInLog = 0;
		};
		53A783CFBD1958E7700188DF /* [CP] Check Pods Manifest.lock */ = {
			isa = PBXShellScriptBuildPhase;
			buildActionMask = 2147483647;
			files = (
			);
			inputPaths = (
			);
			name = "[CP] Check Pods Manifest.lock";
			outputPaths = (
			);
			runOnlyForDeploymentPostprocessing = 0;
			shellPath = /bin/sh;
			shellScript = "diff \"${PODS_PODFILE_DIR_PATH}/Podfile.lock\" \"${PODS_ROOT}/Manifest.lock\" > /dev/null\nif [ $? != 0 ] ; then\n    # print error to STDERR\n    echo \"error: The sandbox is not in sync with the Podfile.lock. Run 'pod install' or update your CocoaPods installation.\" >&2\n    exit 1\nfi\n";
			showEnvVarsInLog = 0;
		};
		989A4FCDBECDE5C9A73B88FE /* [CP] Embed Pods Frameworks */ = {
			isa = PBXShellScriptBuildPhase;
			buildActionMask = 2147483647;
			files = (
			);
			inputPaths = (
			);
			name = "[CP] Embed Pods Frameworks";
			outputPaths = (
			);
			runOnlyForDeploymentPostprocessing = 0;
			shellPath = /bin/sh;
			shellScript = "\"${SRCROOT}/Pods/Target Support Files/Pods-Autobase24/Pods-Autobase24-frameworks.sh\"\n";
			showEnvVarsInLog = 0;
		};
		C5013004246D2120AAF2AF33 /* [CP] Copy Pods Resources */ = {
			isa = PBXShellScriptBuildPhase;
			buildActionMask = 2147483647;
			files = (
			);
			inputPaths = (
			);
			name = "[CP] Copy Pods Resources";
			outputPaths = (
			);
			runOnlyForDeploymentPostprocessing = 0;
			shellPath = /bin/sh;
			shellScript = "\"${SRCROOT}/Pods/Target Support Files/Pods-Autobase24UITests/Pods-Autobase24UITests-resources.sh\"\n";
			showEnvVarsInLog = 0;
		};
		D3277FE2D97ED186DC4F2F8A /* [CP] Embed Pods Frameworks */ = {
			isa = PBXShellScriptBuildPhase;
			buildActionMask = 2147483647;
			files = (
			);
			inputPaths = (
			);
			name = "[CP] Embed Pods Frameworks";
			outputPaths = (
			);
			runOnlyForDeploymentPostprocessing = 0;
			shellPath = /bin/sh;
			shellScript = "\"${SRCROOT}/Pods/Target Support Files/Pods-Autobase24UITests/Pods-Autobase24UITests-frameworks.sh\"\n";
			showEnvVarsInLog = 0;
		};
		D921ACEA5CE8704AE7BA4333 /* [CP] Copy Pods Resources */ = {
			isa = PBXShellScriptBuildPhase;
			buildActionMask = 2147483647;
			files = (
			);
			inputPaths = (
			);
			name = "[CP] Copy Pods Resources";
			outputPaths = (
			);
			runOnlyForDeploymentPostprocessing = 0;
			shellPath = /bin/sh;
			shellScript = "\"${SRCROOT}/Pods/Target Support Files/Pods-Autobase24/Pods-Autobase24-resources.sh\"\n";
			showEnvVarsInLog = 0;
		};
		E106765BBD186F7A7388D119 /* [CP] Check Pods Manifest.lock */ = {
			isa = PBXShellScriptBuildPhase;
			buildActionMask = 2147483647;
			files = (
			);
			inputPaths = (
			);
			name = "[CP] Check Pods Manifest.lock";
			outputPaths = (
			);
			runOnlyForDeploymentPostprocessing = 0;
			shellPath = /bin/sh;
			shellScript = "diff \"${PODS_PODFILE_DIR_PATH}/Podfile.lock\" \"${PODS_ROOT}/Manifest.lock\" > /dev/null\nif [ $? != 0 ] ; then\n    # print error to STDERR\n    echo \"error: The sandbox is not in sync with the Podfile.lock. Run 'pod install' or update your CocoaPods installation.\" >&2\n    exit 1\nfi\n";
			showEnvVarsInLog = 0;
		};
/* End PBXShellScriptBuildPhase section */

/* Begin PBXSourcesBuildPhase section */
		113738E11ECB338900D18981 /* Sources */ = {
			isa = PBXSourcesBuildPhase;
			buildActionMask = 2147483647;
			files = (
				113739211ECB3A5A00D18981 /* APIManager.swift in Sources */,
				1137392F1ECB4D8100D18981 /* Vehicle+CoreDataClass.swift in Sources */,
				113738E91ECB338900D18981 /* AppDelegate.swift in Sources */,
				113739251ECB3F6000D18981 /* Autobase24Model.xcdatamodeld in Sources */,
				113739321ECB4D8100D18981 /* Vehicle+CoreDataProperties.swift in Sources */,
				113739291ECB40DC00D18981 /* NetworkingManager.swift in Sources */,
				113739371ECB58E800D18981 /* CarSummaryTableViewCell.swift in Sources */,
				1137391E1ECB387000D18981 /* FavoritesViewController.swift in Sources */,
				1137391B1ECB385C00D18981 /* CarsViewController.swift in Sources */,
			);
			runOnlyForDeploymentPostprocessing = 0;
		};
		113738F51ECB338900D18981 /* Sources */ = {
			isa = PBXSourcesBuildPhase;
			buildActionMask = 2147483647;
			files = (
				113739261ECB3F6000D18981 /* Autobase24Model.xcdatamodeld in Sources */,
				113739301ECB4D8100D18981 /* Vehicle+CoreDataClass.swift in Sources */,
				113739331ECB4D8100D18981 /* Vehicle+CoreDataProperties.swift in Sources */,
				1137392A1ECB40DC00D18981 /* NetworkingManager.swift in Sources */,
				113739221ECB3A5A00D18981 /* APIManager.swift in Sources */,
				113738FE1ECB338900D18981 /* Autobase24Tests.swift in Sources */,
			);
			runOnlyForDeploymentPostprocessing = 0;
		};
		113739001ECB338900D18981 /* Sources */ = {
			isa = PBXSourcesBuildPhase;
			buildActionMask = 2147483647;
			files = (
				1137392C1ECB40EB00D18981 /* APIManager.swift in Sources */,
				113739311ECB4D8100D18981 /* Vehicle+CoreDataClass.swift in Sources */,
				113739091ECB338900D18981 /* Autobase24UITests.swift in Sources */,
				1137391F1ECB387000D18981 /* FavoritesViewController.swift in Sources */,
				113739341ECB4D8100D18981 /* Vehicle+CoreDataProperties.swift in Sources */,
				1137391C1ECB385C00D18981 /* CarsViewController.swift in Sources */,
				113739381ECB58E800D18981 /* CarSummaryTableViewCell.swift in Sources */,
				1137392B1ECB40DC00D18981 /* NetworkingManager.swift in Sources */,
				113739271ECB3F6000D18981 /* Autobase24Model.xcdatamodeld in Sources */,
			);
			runOnlyForDeploymentPostprocessing = 0;
		};
/* End PBXSourcesBuildPhase section */

/* Begin PBXTargetDependency section */
		113738FB1ECB338900D18981 /* PBXTargetDependency */ = {
			isa = PBXTargetDependency;
			target = 113738E41ECB338900D18981 /* Autobase24 */;
			targetProxy = 113738FA1ECB338900D18981 /* PBXContainerItemProxy */;
		};
		113739061ECB338900D18981 /* PBXTargetDependency */ = {
			isa = PBXTargetDependency;
			target = 113738E41ECB338900D18981 /* Autobase24 */;
			targetProxy = 113739051ECB338900D18981 /* PBXContainerItemProxy */;
		};
/* End PBXTargetDependency section */

/* Begin PBXVariantGroup section */
		113738EC1ECB338900D18981 /* Main.storyboard */ = {
			isa = PBXVariantGroup;
			children = (
				113738ED1ECB338900D18981 /* Base */,
			);
			name = Main.storyboard;
			sourceTree = "<group>";
		};
		113738F11ECB338900D18981 /* LaunchScreen.storyboard */ = {
			isa = PBXVariantGroup;
			children = (
				113738F21ECB338900D18981 /* Base */,
			);
			name = LaunchScreen.storyboard;
			sourceTree = "<group>";
		};
/* End PBXVariantGroup section */

/* Begin XCBuildConfiguration section */
		1137390B1ECB338900D18981 /* Debug */ = {
			isa = XCBuildConfiguration;
			buildSettings = {
				ALWAYS_SEARCH_USER_PATHS = NO;
				CLANG_ANALYZER_NONNULL = YES;
				CLANG_ANALYZER_NUMBER_OBJECT_CONVERSION = YES_AGGRESSIVE;
				CLANG_CXX_LANGUAGE_STANDARD = "gnu++0x";
				CLANG_CXX_LIBRARY = "libc++";
				CLANG_ENABLE_MODULES = YES;
				CLANG_ENABLE_OBJC_ARC = YES;
				CLANG_WARN_BOOL_CONVERSION = YES;
				CLANG_WARN_CONSTANT_CONVERSION = YES;
				CLANG_WARN_DIRECT_OBJC_ISA_USAGE = YES_ERROR;
				CLANG_WARN_DOCUMENTATION_COMMENTS = YES;
				CLANG_WARN_EMPTY_BODY = YES;
				CLANG_WARN_ENUM_CONVERSION = YES;
				CLANG_WARN_INFINITE_RECURSION = YES;
				CLANG_WARN_INT_CONVERSION = YES;
				CLANG_WARN_OBJC_ROOT_CLASS = YES_ERROR;
				CLANG_WARN_SUSPICIOUS_MOVE = YES;
				CLANG_WARN_UNREACHABLE_CODE = YES;
				CLANG_WARN__DUPLICATE_METHOD_MATCH = YES;
				"CODE_SIGN_IDENTITY[sdk=iphoneos*]" = "iPhone Developer";
				COPY_PHASE_STRIP = NO;
				DEBUG_INFORMATION_FORMAT = dwarf;
				ENABLE_STRICT_OBJC_MSGSEND = YES;
				ENABLE_TESTABILITY = YES;
				GCC_C_LANGUAGE_STANDARD = gnu99;
				GCC_DYNAMIC_NO_PIC = NO;
				GCC_NO_COMMON_BLOCKS = YES;
				GCC_OPTIMIZATION_LEVEL = 0;
				GCC_PREPROCESSOR_DEFINITIONS = (
					"DEBUG=1",
					"$(inherited)",
				);
				GCC_WARN_64_TO_32_BIT_CONVERSION = YES;
				GCC_WARN_ABOUT_RETURN_TYPE = YES_ERROR;
				GCC_WARN_UNDECLARED_SELECTOR = YES;
				GCC_WARN_UNINITIALIZED_AUTOS = YES_AGGRESSIVE;
				GCC_WARN_UNUSED_FUNCTION = YES;
				GCC_WARN_UNUSED_VARIABLE = YES;
				IPHONEOS_DEPLOYMENT_TARGET = 10.3;
				MTL_ENABLE_DEBUG_INFO = YES;
				ONLY_ACTIVE_ARCH = YES;
				SDKROOT = iphoneos;
				SWIFT_ACTIVE_COMPILATION_CONDITIONS = DEBUG;
				SWIFT_OPTIMIZATION_LEVEL = "-Onone";
				TARGETED_DEVICE_FAMILY = "1,2";
			};
			name = Debug;
		};
		1137390C1ECB338900D18981 /* Release */ = {
			isa = XCBuildConfiguration;
			buildSettings = {
				ALWAYS_SEARCH_USER_PATHS = NO;
				CLANG_ANALYZER_NONNULL = YES;
				CLANG_ANALYZER_NUMBER_OBJECT_CONVERSION = YES_AGGRESSIVE;
				CLANG_CXX_LANGUAGE_STANDARD = "gnu++0x";
				CLANG_CXX_LIBRARY = "libc++";
				CLANG_ENABLE_MODULES = YES;
				CLANG_ENABLE_OBJC_ARC = YES;
				CLANG_WARN_BOOL_CONVERSION = YES;
				CLANG_WARN_CONSTANT_CONVERSION = YES;
				CLANG_WARN_DIRECT_OBJC_ISA_USAGE = YES_ERROR;
				CLANG_WARN_DOCUMENTATION_COMMENTS = YES;
				CLANG_WARN_EMPTY_BODY = YES;
				CLANG_WARN_ENUM_CONVERSION = YES;
				CLANG_WARN_INFINITE_RECURSION = YES;
				CLANG_WARN_INT_CONVERSION = YES;
				CLANG_WARN_OBJC_ROOT_CLASS = YES_ERROR;
				CLANG_WARN_SUSPICIOUS_MOVE = YES;
				CLANG_WARN_UNREACHABLE_CODE = YES;
				CLANG_WARN__DUPLICATE_METHOD_MATCH = YES;
				"CODE_SIGN_IDENTITY[sdk=iphoneos*]" = "iPhone Developer";
				COPY_PHASE_STRIP = NO;
				DEBUG_INFORMATION_FORMAT = "dwarf-with-dsym";
				ENABLE_NS_ASSERTIONS = NO;
				ENABLE_STRICT_OBJC_MSGSEND = YES;
				GCC_C_LANGUAGE_STANDARD = gnu99;
				GCC_NO_COMMON_BLOCKS = YES;
				GCC_WARN_64_TO_32_BIT_CONVERSION = YES;
				GCC_WARN_ABOUT_RETURN_TYPE = YES_ERROR;
				GCC_WARN_UNDECLARED_SELECTOR = YES;
				GCC_WARN_UNINITIALIZED_AUTOS = YES_AGGRESSIVE;
				GCC_WARN_UNUSED_FUNCTION = YES;
				GCC_WARN_UNUSED_VARIABLE = YES;
				IPHONEOS_DEPLOYMENT_TARGET = 10.3;
				MTL_ENABLE_DEBUG_INFO = NO;
				SDKROOT = iphoneos;
				SWIFT_OPTIMIZATION_LEVEL = "-Owholemodule";
				TARGETED_DEVICE_FAMILY = "1,2";
				VALIDATE_PRODUCT = YES;
			};
			name = Release;
		};
		1137390E1ECB338900D18981 /* Debug */ = {
			isa = XCBuildConfiguration;
			baseConfigurationReference = E145A0F075789B631C47144F /* Pods-Autobase24.debug.xcconfig */;
			buildSettings = {
				ASSETCATALOG_COMPILER_APPICON_NAME = AppIcon;
				INFOPLIST_FILE = Autobase24/Info.plist;
				LD_RUNPATH_SEARCH_PATHS = "$(inherited) @executable_path/Frameworks";
				PRODUCT_BUNDLE_IDENTIFIER = com.scout24.Autobase24;
				PRODUCT_NAME = "$(TARGET_NAME)";
				SWIFT_VERSION = 3.0;
			};
			name = Debug;
		};
		1137390F1ECB338900D18981 /* Release */ = {
			isa = XCBuildConfiguration;
			baseConfigurationReference = D8B6A20947C56A4EB905ABB5 /* Pods-Autobase24.release.xcconfig */;
			buildSettings = {
				ASSETCATALOG_COMPILER_APPICON_NAME = AppIcon;
				INFOPLIST_FILE = Autobase24/Info.plist;
				LD_RUNPATH_SEARCH_PATHS = "$(inherited) @executable_path/Frameworks";
				PRODUCT_BUNDLE_IDENTIFIER = com.scout24.Autobase24;
				PRODUCT_NAME = "$(TARGET_NAME)";
				SWIFT_VERSION = 3.0;
			};
			name = Release;
		};
		113739111ECB338900D18981 /* Debug */ = {
			isa = XCBuildConfiguration;
			baseConfigurationReference = E4A15C72B67FF06CE7CDBED0 /* Pods-Autobase24Tests.debug.xcconfig */;
			buildSettings = {
				ALWAYS_EMBED_SWIFT_STANDARD_LIBRARIES = YES;
				BUNDLE_LOADER = "$(TEST_HOST)";
				INFOPLIST_FILE = Autobase24Tests/Info.plist;
				LD_RUNPATH_SEARCH_PATHS = "$(inherited) @executable_path/Frameworks @loader_path/Frameworks";
				PRODUCT_BUNDLE_IDENTIFIER = com.scout24.Autobase24Tests;
				PRODUCT_NAME = "$(TARGET_NAME)";
				SWIFT_VERSION = 3.0;
				TEST_HOST = "$(BUILT_PRODUCTS_DIR)/Autobase24.app/Autobase24";
			};
			name = Debug;
		};
		113739121ECB338900D18981 /* Release */ = {
			isa = XCBuildConfiguration;
			baseConfigurationReference = C8500B2662443B1BB5948DAA /* Pods-Autobase24Tests.release.xcconfig */;
			buildSettings = {
				ALWAYS_EMBED_SWIFT_STANDARD_LIBRARIES = YES;
				BUNDLE_LOADER = "$(TEST_HOST)";
				INFOPLIST_FILE = Autobase24Tests/Info.plist;
				LD_RUNPATH_SEARCH_PATHS = "$(inherited) @executable_path/Frameworks @loader_path/Frameworks";
				PRODUCT_BUNDLE_IDENTIFIER = com.scout24.Autobase24Tests;
				PRODUCT_NAME = "$(TARGET_NAME)";
				SWIFT_VERSION = 3.0;
				TEST_HOST = "$(BUILT_PRODUCTS_DIR)/Autobase24.app/Autobase24";
			};
			name = Release;
		};
		113739141ECB338900D18981 /* Debug */ = {
			isa = XCBuildConfiguration;
			baseConfigurationReference = B64FBCA262D872A019B96F9E /* Pods-Autobase24UITests.debug.xcconfig */;
			buildSettings = {
				ALWAYS_EMBED_SWIFT_STANDARD_LIBRARIES = YES;
				INFOPLIST_FILE = Autobase24UITests/Info.plist;
				LD_RUNPATH_SEARCH_PATHS = "$(inherited) @executable_path/Frameworks @loader_path/Frameworks";
				PRODUCT_BUNDLE_IDENTIFIER = com.scout24.Autobase24UITests;
				PRODUCT_NAME = "$(TARGET_NAME)";
				SWIFT_VERSION = 3.0;
				TEST_TARGET_NAME = Autobase24;
			};
			name = Debug;
		};
		113739151ECB338900D18981 /* Release */ = {
			isa = XCBuildConfiguration;
			baseConfigurationReference = 94391D29487340560052DCB3 /* Pods-Autobase24UITests.release.xcconfig */;
			buildSettings = {
				ALWAYS_EMBED_SWIFT_STANDARD_LIBRARIES = YES;
				INFOPLIST_FILE = Autobase24UITests/Info.plist;
				LD_RUNPATH_SEARCH_PATHS = "$(inherited) @executable_path/Frameworks @loader_path/Frameworks";
				PRODUCT_BUNDLE_IDENTIFIER = com.scout24.Autobase24UITests;
				PRODUCT_NAME = "$(TARGET_NAME)";
				SWIFT_VERSION = 3.0;
				TEST_TARGET_NAME = Autobase24;
			};
			name = Release;
		};
/* End XCBuildConfiguration section */

/* Begin XCConfigurationList section */
		113738E01ECB338900D18981 /* Build configuration list for PBXProject "Autobase24" */ = {
			isa = XCConfigurationList;
			buildConfigurations = (
				1137390B1ECB338900D18981 /* Debug */,
				1137390C1ECB338900D18981 /* Release */,
			);
			defaultConfigurationIsVisible = 0;
			defaultConfigurationName = Release;
		};
		1137390D1ECB338900D18981 /* Build configuration list for PBXNativeTarget "Autobase24" */ = {
			isa = XCConfigurationList;
			buildConfigurations = (
				1137390E1ECB338900D18981 /* Debug */,
				1137390F1ECB338900D18981 /* Release */,
			);
			defaultConfigurationIsVisible = 0;
			defaultConfigurationName = Release;
		};
		113739101ECB338900D18981 /* Build configuration list for PBXNativeTarget "Autobase24Tests" */ = {
			isa = XCConfigurationList;
			buildConfigurations = (
				113739111ECB338900D18981 /* Debug */,
				113739121ECB338900D18981 /* Release */,
			);
			defaultConfigurationIsVisible = 0;
			defaultConfigurationName = Release;
		};
		113739131ECB338900D18981 /* Build configuration list for PBXNativeTarget "Autobase24UITests" */ = {
			isa = XCConfigurationList;
			buildConfigurations = (
				113739141ECB338900D18981 /* Debug */,
				113739151ECB338900D18981 /* Release */,
			);
			defaultConfigurationIsVisible = 0;
			defaultConfigurationName = Release;
		};
/* End XCConfigurationList section */

/* Begin XCVersionGroup section */
		113739231ECB3F6000D18981 /* Autobase24Model.xcdatamodeld */ = {
			isa = XCVersionGroup;
			children = (
				111E81951ECC256F0070043A /* Autobase24Model 18-05- 2017.xcdatamodel */,
				1137393B1ECB6EC900D18981 /* Autobase24Model 17-05-2017.xcdatamodel */,
				113739241ECB3F6000D18981 /* Autobase24Model.xcdatamodel */,
			);
			currentVersion = 111E81951ECC256F0070043A /* Autobase24Model 18-05- 2017.xcdatamodel */;
			path = Autobase24Model.xcdatamodeld;
			sourceTree = "<group>";
			versionGroupType = wrapper.xcdatamodel;
		};
/* End XCVersionGroup section */
	};
	rootObject = 113738DD1ECB338900D18981 /* Project object */;
}
